
Microsoft Visual Studio Solution File, Format Version 12.00
# Visual Studio 2013
VisualStudioVersion = 12.0.31101.0
MinimumVisualStudioVersion = 10.0.40219.1
Project("{FAE04EC0-301F-11D3-BF4B-00C04F79EFBC}") = "XamarinPushNotificationSample", "XamarinPushNotificationSample\XamarinPushNotificationSample.csproj", "{2BF28FAD-20D6-4E93-A098-D2D33E8DE26F}"
EndProject
Global
	GlobalSection(SolutionConfigurationPlatforms) = preSolution
		Ad-Hoc|iPhone = Ad-Hoc|iPhone
		Ad-Hoc|iPhoneSimulator = Ad-Hoc|iPhoneSimulator
		AppStore|iPhone = AppStore|iPhone
		AppStore|iPhoneSimulator = AppStore|iPhoneSimulator
		Debug|iPhone = Debug|iPhone
		Debug|iPhoneSimulator = Debug|iPhoneSimulator
		Release|iPhone = Release|iPhone
		Release|iPhoneSimulator = Release|iPhoneSimulator
	EndGlobalSection
	GlobalSection(ProjectConfigurationPlatforms) = postSolution
		{2BF28FAD-20D6-4E93-A098-D2D33E8DE26F}.Ad-Hoc|iPhone.ActiveCfg = Ad-Hoc|iPhone
		{2BF28FAD-20D6-4E93-A098-D2D33E8DE26F}.Ad-Hoc|iPhone.Build.0 = Ad-Hoc|iPhone
		{2BF28FAD-20D6-4E93-A098-D2D33E8DE26F}.Ad-Hoc|iPhoneSimulator.ActiveCfg = Ad-Hoc|iPhoneSimulator
		{2BF28FAD-20D6-4E93-A098-D2D33E8DE26F}.Ad-Hoc|iPhoneSimulator.Build.0 = Ad-Hoc|iPhoneSimulator
		{2BF28FAD-20D6-4E93-A098-D2D33E8DE26F}.AppStore|iPhone.ActiveCfg = AppStore|iPhone
		{2BF28FAD-20D6-4E93-A098-D2D33E8DE26F}.AppStore|iPhone.Build.0 = AppStore|iPhone
		{2BF28FAD-20D6-4E93-A098-D2D33E8DE26F}.AppStore|iPhoneSimulator.ActiveCfg = AppStore|iPhoneSimulator
		{2BF28FAD-20D6-4E93-A098-D2D33E8DE26F}.AppStore|iPhoneSimulator.Build.0 = AppStore|iPhoneSimulator
		{2BF28FAD-20D6-4E93-A098-D2D33E8DE26F}.Debug|iPhone.ActiveCfg = Debug|iPhone
		{2BF28FAD-20D6-4E93-A098-D2D33E8DE26F}.Debug|iPhone.Build.0 = Debug|iPhone
		{2BF28FAD-20D6-4E93-A098-D2D33E8DE26F}.Debug|iPhoneSimulator.ActiveCfg = Debug|iPhoneSimulator
		{2BF28FAD-20D6-4E93-A098-D2D33E8DE26F}.Debug|iPhoneSimulator.Build.0 = Debug|iPhoneSimulator
		{2BF28FAD-20D6-4E93-A098-D2D33E8DE26F}.Release|iPhone.ActiveCfg = Release|iPhone
		{2BF28FAD-20D6-4E93-A098-D2D33E8DE26F}.Release|iPhone.Build.0 = Release|iPhone
		{2BF28FAD-20D6-4E93-A098-D2D33E8DE26F}.Release|iPhoneSimulator.ActiveCfg = Release|iPhoneSimulator
		{2BF28FAD-20D6-4E93-A098-D2D33E8DE26F}.Release|iPhoneSimulator.Build.0 = Release|iPhoneSimulator
	EndGlobalSection
	GlobalSection(SolutionProperties) = preSolution
		HideSolutionNode = FALSE
	EndGlobalSection
EndGlobal
